// !$*UTF8*$!
{
	archiveVersion = 1;
	classes = {
	};
	objectVersion = 50;
	objects = {

/* Begin PBXBuildFile section */
		667C938A22E76C3400451878 /* CoreDataWrapper.h in Headers */ = {isa = PBXBuildFile; fileRef = 667C938822E76C3400451878 /* CoreDataWrapper.h */; settings = {ATTRIBUTES = (Public, ); }; };
		667C939422E76C8900451878 /* CoreDataWrapper.swift in Sources */ = {isa = PBXBuildFile; fileRef = 667C939022E76C8900451878 /* CoreDataWrapper.swift */; };
		667C939522E76C8900451878 /* CoreDataWrapper+SyncOperations.swift in Sources */ = {isa = PBXBuildFile; fileRef = 667C939122E76C8900451878 /* CoreDataWrapper+SyncOperations.swift */; };
		667C939622E76C8900451878 /* CoreDataWrapper+AsyncOperations.swift in Sources */ = {isa = PBXBuildFile; fileRef = 667C939222E76C8900451878 /* CoreDataWrapper+AsyncOperations.swift */; };
		667C93A522E7712D00451878 /* CoreDataWrapper.swift in Sources */ = {isa = PBXBuildFile; fileRef = 667C939022E76C8900451878 /* CoreDataWrapper.swift */; };
		667C93A622E7712F00451878 /* CoreDataWrapper+AsyncOperations.swift in Sources */ = {isa = PBXBuildFile; fileRef = 667C939222E76C8900451878 /* CoreDataWrapper+AsyncOperations.swift */; };
		667C93A722E7713200451878 /* CoreDataWrapper+SyncOperations.swift in Sources */ = {isa = PBXBuildFile; fileRef = 667C939122E76C8900451878 /* CoreDataWrapper+SyncOperations.swift */; };
		667C93C222E7724700451878 /* CoreDataWrapper.swift in Sources */ = {isa = PBXBuildFile; fileRef = 667C939022E76C8900451878 /* CoreDataWrapper.swift */; };
		667C93C422E7724900451878 /* CoreDataWrapper+AsyncOperations.swift in Sources */ = {isa = PBXBuildFile; fileRef = 667C939222E76C8900451878 /* CoreDataWrapper+AsyncOperations.swift */; };
		667C93C622E7724C00451878 /* CoreDataWrapper+SyncOperations.swift in Sources */ = {isa = PBXBuildFile; fileRef = 667C939122E76C8900451878 /* CoreDataWrapper+SyncOperations.swift */; };
		66F3CEF722E7889000A7C7A2 /* CoreDataWrapper.h in Headers */ = {isa = PBXBuildFile; fileRef = 667C938822E76C3400451878 /* CoreDataWrapper.h */; settings = {ATTRIBUTES = (Public, ); }; };
		66F3CEF822E7889400A7C7A2 /* CoreDataWrapper.h in Headers */ = {isa = PBXBuildFile; fileRef = 667C938822E76C3400451878 /* CoreDataWrapper.h */; settings = {ATTRIBUTES = (Public, ); }; };
		66F3CFAB22E78C7700A7C7A2 /* CoreDataWrapper.h in Headers */ = {isa = PBXBuildFile; fileRef = 667C938822E76C3400451878 /* CoreDataWrapper.h */; settings = {ATTRIBUTES = (Public, ); }; };
		66F3CFAC22E78C7C00A7C7A2 /* CoreDataWrapper.swift in Sources */ = {isa = PBXBuildFile; fileRef = 667C939022E76C8900451878 /* CoreDataWrapper.swift */; };
		66F3CFAD22E78C7E00A7C7A2 /* CoreDataWrapper+AsyncOperations.swift in Sources */ = {isa = PBXBuildFile; fileRef = 667C939222E76C8900451878 /* CoreDataWrapper+AsyncOperations.swift */; };
		66F3CFAE22E78C8200A7C7A2 /* CoreDataWrapper+SyncOperations.swift in Sources */ = {isa = PBXBuildFile; fileRef = 667C939122E76C8900451878 /* CoreDataWrapper+SyncOperations.swift */; };
		EE7E8AF72449681500A86153 /* CoreDataWrapper_iOS.framework in Frameworks */ = {isa = PBXBuildFile; fileRef = 667C938522E76C3400451878 /* CoreDataWrapper_iOS.framework */; };
		EE7E8B002449687200A86153 /* SyncOperationsTests.swift in Sources */ = {isa = PBXBuildFile; fileRef = EE7E8AFE2449687200A86153 /* SyncOperationsTests.swift */; };
		EE7E8B1024496B4F00A86153 /* Car+CoreDataProperties.swift in Sources */ = {isa = PBXBuildFile; fileRef = EE7E8B0E24496B4F00A86153 /* Car+CoreDataProperties.swift */; };
		EE7E8B1124496B4F00A86153 /* Car+CoreDataProperties.swift in Sources */ = {isa = PBXBuildFile; fileRef = EE7E8B0E24496B4F00A86153 /* Car+CoreDataProperties.swift */; };
		EE7E8B1224496B4F00A86153 /* Car+CoreDataProperties.swift in Sources */ = {isa = PBXBuildFile; fileRef = EE7E8B0E24496B4F00A86153 /* Car+CoreDataProperties.swift */; };
		EE7E8B1324496B4F00A86153 /* Car+CoreDataProperties.swift in Sources */ = {isa = PBXBuildFile; fileRef = EE7E8B0E24496B4F00A86153 /* Car+CoreDataProperties.swift */; };
		EE7E8B1524496B4F00A86153 /* Car+CoreDataClass.swift in Sources */ = {isa = PBXBuildFile; fileRef = EE7E8B0F24496B4F00A86153 /* Car+CoreDataClass.swift */; };
		EE7E8B1624496B4F00A86153 /* Car+CoreDataClass.swift in Sources */ = {isa = PBXBuildFile; fileRef = EE7E8B0F24496B4F00A86153 /* Car+CoreDataClass.swift */; };
		EE7E8B1724496B4F00A86153 /* Car+CoreDataClass.swift in Sources */ = {isa = PBXBuildFile; fileRef = EE7E8B0F24496B4F00A86153 /* Car+CoreDataClass.swift */; };
		EE7E8B1824496B4F00A86153 /* Car+CoreDataClass.swift in Sources */ = {isa = PBXBuildFile; fileRef = EE7E8B0F24496B4F00A86153 /* Car+CoreDataClass.swift */; };
		EE7E8B1A24496F5500A86153 /* AsyncOperationsTests.swift in Sources */ = {isa = PBXBuildFile; fileRef = EE7E8AFD2449687200A86153 /* AsyncOperationsTests.swift */; };
		EE9D819E2449B4FB00DD483A /* CoreDataWrapperTest.swift in Sources */ = {isa = PBXBuildFile; fileRef = EE9D819D2449B4FB00DD483A /* CoreDataWrapperTest.swift */; };
		EEE43C30263191D00074C54C /* CoreDataWrapper.xcdatamodeld in Sources */ = {isa = PBXBuildFile; fileRef = EEE43C2E263191D00074C54C /* CoreDataWrapper.xcdatamodeld */; };
		EEE43C31263191D00074C54C /* CoreDataWrapper.xcdatamodeld in Sources */ = {isa = PBXBuildFile; fileRef = EEE43C2E263191D00074C54C /* CoreDataWrapper.xcdatamodeld */; };
		EEE43C32263191D00074C54C /* CoreDataWrapper.xcdatamodeld in Sources */ = {isa = PBXBuildFile; fileRef = EEE43C2E263191D00074C54C /* CoreDataWrapper.xcdatamodeld */; };
		EEE43C33263191D00074C54C /* CoreDataWrapper.xcdatamodeld in Sources */ = {isa = PBXBuildFile; fileRef = EEE43C2E263191D00074C54C /* CoreDataWrapper.xcdatamodeld */; };
		EEE43C34263191D00074C54C /* CoreDataWrapper.xcdatamodeld in Sources */ = {isa = PBXBuildFile; fileRef = EEE43C2E263191D00074C54C /* CoreDataWrapper.xcdatamodeld */; };
		EEECFC7A2525DA4B00D5D424 /* AsyncOperationBlockingTests.swift in Sources */ = {isa = PBXBuildFile; fileRef = EEECFC792525DA4B00D5D424 /* AsyncOperationBlockingTests.swift */; };
/* End PBXBuildFile section */

/* Begin PBXContainerItemProxy section */
		EE7E8AF82449681500A86153 /* PBXContainerItemProxy */ = {
			isa = PBXContainerItemProxy;
			containerPortal = 667C937C22E76C3400451878 /* Project object */;
			proxyType = 1;
			remoteGlobalIDString = 667C938422E76C3400451878;
			remoteInfo = "CoreDataWrapper iOS";
		};
/* End PBXContainerItemProxy section */

/* Begin PBXFileReference section */
		667C938522E76C3400451878 /* CoreDataWrapper_iOS.framework */ = {isa = PBXFileReference; explicitFileType = wrapper.framework; includeInIndex = 0; path = CoreDataWrapper_iOS.framework; sourceTree = BUILT_PRODUCTS_DIR; };
		667C938822E76C3400451878 /* CoreDataWrapper.h */ = {isa = PBXFileReference; lastKnownFileType = sourcecode.c.h; path = CoreDataWrapper.h; sourceTree = "<group>"; };
		667C938922E76C3400451878 /* Info.plist */ = {isa = PBXFileReference; lastKnownFileType = text.plist.xml; path = Info.plist; sourceTree = "<group>"; };
		667C939022E76C8900451878 /* CoreDataWrapper.swift */ = {isa = PBXFileReference; fileEncoding = 4; lastKnownFileType = sourcecode.swift; name = CoreDataWrapper.swift; path = Sources/CoreDataWrapper/CoreDataWrapper.swift; sourceTree = SOURCE_ROOT; };
		667C939122E76C8900451878 /* CoreDataWrapper+SyncOperations.swift */ = {isa = PBXFileReference; fileEncoding = 4; lastKnownFileType = sourcecode.swift; name = "CoreDataWrapper+SyncOperations.swift"; path = "Sources/CoreDataWrapper/CoreDataWrapper+SyncOperations.swift"; sourceTree = SOURCE_ROOT; };
		667C939222E76C8900451878 /* CoreDataWrapper+AsyncOperations.swift */ = {isa = PBXFileReference; fileEncoding = 4; lastKnownFileType = sourcecode.swift; name = "CoreDataWrapper+AsyncOperations.swift"; path = "Sources/CoreDataWrapper/CoreDataWrapper+AsyncOperations.swift"; sourceTree = SOURCE_ROOT; };
		667C939D22E770B500451878 /* CoreDataWrapper_macOS.framework */ = {isa = PBXFileReference; explicitFileType = wrapper.framework; includeInIndex = 0; path = CoreDataWrapper_macOS.framework; sourceTree = BUILT_PRODUCTS_DIR; };
		667C93AD22E771C800451878 /* CoreDataWrapper_tvOS.framework */ = {isa = PBXFileReference; explicitFileType = wrapper.framework; includeInIndex = 0; path = CoreDataWrapper_tvOS.framework; sourceTree = BUILT_PRODUCTS_DIR; };
		66F3CFA322E78C6C00A7C7A2 /* CoreDataWrapper_watchOS.framework */ = {isa = PBXFileReference; explicitFileType = wrapper.framework; includeInIndex = 0; path = CoreDataWrapper_watchOS.framework; sourceTree = BUILT_PRODUCTS_DIR; };
		EE7E8AF22449681500A86153 /* CoreDataWrapper_iOSTests.xctest */ = {isa = PBXFileReference; explicitFileType = wrapper.cfbundle; includeInIndex = 0; path = CoreDataWrapper_iOSTests.xctest; sourceTree = BUILT_PRODUCTS_DIR; };
		EE7E8AF62449681500A86153 /* Info.plist */ = {isa = PBXFileReference; lastKnownFileType = text.plist.xml; path = Info.plist; sourceTree = "<group>"; };
		EE7E8AFD2449687200A86153 /* AsyncOperationsTests.swift */ = {isa = PBXFileReference; fileEncoding = 4; lastKnownFileType = sourcecode.swift; path = AsyncOperationsTests.swift; sourceTree = "<group>"; };
		EE7E8AFE2449687200A86153 /* SyncOperationsTests.swift */ = {isa = PBXFileReference; fileEncoding = 4; lastKnownFileType = sourcecode.swift; path = SyncOperationsTests.swift; sourceTree = "<group>"; };
		EE7E8B0E24496B4F00A86153 /* Car+CoreDataProperties.swift */ = {isa = PBXFileReference; fileEncoding = 4; lastKnownFileType = sourcecode.swift; path = "Car+CoreDataProperties.swift"; sourceTree = "<group>"; };
		EE7E8B0F24496B4F00A86153 /* Car+CoreDataClass.swift */ = {isa = PBXFileReference; fileEncoding = 4; lastKnownFileType = sourcecode.swift; path = "Car+CoreDataClass.swift"; sourceTree = "<group>"; };
		EE9D819D2449B4FB00DD483A /* CoreDataWrapperTest.swift */ = {isa = PBXFileReference; lastKnownFileType = sourcecode.swift; path = CoreDataWrapperTest.swift; sourceTree = "<group>"; };
		EEE43C2F263191D00074C54C /* PersonalProtectionTests.xcdatamodel */ = {isa = PBXFileReference; lastKnownFileType = wrapper.xcdatamodel; path = PersonalProtectionTests.xcdatamodel; sourceTree = "<group>"; };
		EEECFC792525DA4B00D5D424 /* AsyncOperationBlockingTests.swift */ = {isa = PBXFileReference; lastKnownFileType = sourcecode.swift; path = AsyncOperationBlockingTests.swift; sourceTree = "<group>"; };
/* End PBXFileReference section */

/* Begin PBXFrameworksBuildPhase section */
		667C938222E76C3400451878 /* Frameworks */ = {
			isa = PBXFrameworksBuildPhase;
			buildActionMask = 2147483647;
			files = (
			);
			runOnlyForDeploymentPostprocessing = 0;
		};
		667C939A22E770B500451878 /* Frameworks */ = {
			isa = PBXFrameworksBuildPhase;
			buildActionMask = 2147483647;
			files = (
			);
			runOnlyForDeploymentPostprocessing = 0;
		};
		667C93AA22E771C800451878 /* Frameworks */ = {
			isa = PBXFrameworksBuildPhase;
			buildActionMask = 2147483647;
			files = (
			);
			runOnlyForDeploymentPostprocessing = 0;
		};
		66F3CFA022E78C6C00A7C7A2 /* Frameworks */ = {
			isa = PBXFrameworksBuildPhase;
			buildActionMask = 2147483647;
			files = (
			);
			runOnlyForDeploymentPostprocessing = 0;
		};
		EE7E8AEF2449681500A86153 /* Frameworks */ = {
			isa = PBXFrameworksBuildPhase;
			buildActionMask = 2147483647;
			files = (
				EE7E8AF72449681500A86153 /* CoreDataWrapper_iOS.framework in Frameworks */,
			);
			runOnlyForDeploymentPostprocessing = 0;
		};
/* End PBXFrameworksBuildPhase section */

/* Begin PBXGroup section */
		667C937B22E76C3400451878 = {
			isa = PBXGroup;
			children = (
				667C938722E76C3400451878 /* CoreDataWrapper */,
				EE7E8AF32449681500A86153 /* CoreDataWrapper_iOSTests */,
				667C938622E76C3400451878 /* Products */,
			);
			sourceTree = "<group>";
		};
		667C938622E76C3400451878 /* Products */ = {
			isa = PBXGroup;
			children = (
				667C938522E76C3400451878 /* CoreDataWrapper_iOS.framework */,
				667C939D22E770B500451878 /* CoreDataWrapper_macOS.framework */,
				667C93AD22E771C800451878 /* CoreDataWrapper_tvOS.framework */,
				66F3CFA322E78C6C00A7C7A2 /* CoreDataWrapper_watchOS.framework */,
				EE7E8AF22449681500A86153 /* CoreDataWrapper_iOSTests.xctest */,
			);
			name = Products;
			sourceTree = "<group>";
		};
		667C938722E76C3400451878 /* CoreDataWrapper */ = {
			isa = PBXGroup;
			children = (
				667C938822E76C3400451878 /* CoreDataWrapper.h */,
				667C939022E76C8900451878 /* CoreDataWrapper.swift */,
				667C939222E76C8900451878 /* CoreDataWrapper+AsyncOperations.swift */,
				667C939122E76C8900451878 /* CoreDataWrapper+SyncOperations.swift */,
				EEE43C2E263191D00074C54C /* CoreDataWrapper.xcdatamodeld */,
				EE7E8B0124496A0200A86153 /* Unit Test Dummy files */,
				667C938922E76C3400451878 /* Info.plist */,
			);
			path = CoreDataWrapper;
			sourceTree = "<group>";
		};
		EE7E8AF32449681500A86153 /* CoreDataWrapper_iOSTests */ = {
			isa = PBXGroup;
			children = (
				EE9D819D2449B4FB00DD483A /* CoreDataWrapperTest.swift */,
				EE7E8AFD2449687200A86153 /* AsyncOperationsTests.swift */,
				EEECFC792525DA4B00D5D424 /* AsyncOperationBlockingTests.swift */,
				EE7E8AFE2449687200A86153 /* SyncOperationsTests.swift */,
				EE7E8AF62449681500A86153 /* Info.plist */,
			);
			path = CoreDataWrapper_iOSTests;
			sourceTree = "<group>";
		};
		EE7E8B0124496A0200A86153 /* Unit Test Dummy files */ = {
			isa = PBXGroup;
			children = (
				EE7E8B0F24496B4F00A86153 /* Car+CoreDataClass.swift */,
				EE7E8B0E24496B4F00A86153 /* Car+CoreDataProperties.swift */,
			);
			path = "Unit Test Dummy files";
			sourceTree = "<group>";
		};
/* End PBXGroup section */

/* Begin PBXHeadersBuildPhase section */
		667C938022E76C3400451878 /* Headers */ = {
			isa = PBXHeadersBuildPhase;
			buildActionMask = 2147483647;
			files = (
				667C938A22E76C3400451878 /* CoreDataWrapper.h in Headers */,
			);
			runOnlyForDeploymentPostprocessing = 0;
		};
		667C939822E770B500451878 /* Headers */ = {
			isa = PBXHeadersBuildPhase;
			buildActionMask = 2147483647;
			files = (
				66F3CEF722E7889000A7C7A2 /* CoreDataWrapper.h in Headers */,
			);
			runOnlyForDeploymentPostprocessing = 0;
		};
		667C93A822E771C800451878 /* Headers */ = {
			isa = PBXHeadersBuildPhase;
			buildActionMask = 2147483647;
			files = (
				66F3CEF822E7889400A7C7A2 /* CoreDataWrapper.h in Headers */,
			);
			runOnlyForDeploymentPostprocessing = 0;
		};
		66F3CF9E22E78C6C00A7C7A2 /* Headers */ = {
			isa = PBXHeadersBuildPhase;
			buildActionMask = 2147483647;
			files = (
				66F3CFAB22E78C7700A7C7A2 /* CoreDataWrapper.h in Headers */,
			);
			runOnlyForDeploymentPostprocessing = 0;
		};
/* End PBXHeadersBuildPhase section */

/* Begin PBXNativeTarget section */
		667C938422E76C3400451878 /* CoreDataWrapper iOS */ = {
			isa = PBXNativeTarget;
			buildConfigurationList = 667C938D22E76C3400451878 /* Build configuration list for PBXNativeTarget "CoreDataWrapper iOS" */;
			buildPhases = (
				667C938022E76C3400451878 /* Headers */,
				667C938122E76C3400451878 /* Sources */,
				667C938222E76C3400451878 /* Frameworks */,
				667C938322E76C3400451878 /* Resources */,
			);
			buildRules = (
			);
			dependencies = (
			);
			name = "CoreDataWrapper iOS";
			productName = CoreDataWrapper;
			productReference = 667C938522E76C3400451878 /* CoreDataWrapper_iOS.framework */;
			productType = "com.apple.product-type.framework";
		};
		667C939C22E770B500451878 /* CoreDataWrapper macOS */ = {
			isa = PBXNativeTarget;
			buildConfigurationList = 667C93A222E770B500451878 /* Build configuration list for PBXNativeTarget "CoreDataWrapper macOS" */;
			buildPhases = (
				667C939822E770B500451878 /* Headers */,
				667C939922E770B500451878 /* Sources */,
				667C939A22E770B500451878 /* Frameworks */,
				667C939B22E770B500451878 /* Resources */,
			);
			buildRules = (
			);
			dependencies = (
			);
			name = "CoreDataWrapper macOS";
			productName = "CoreDataWrapper macOS";
			productReference = 667C939D22E770B500451878 /* CoreDataWrapper_macOS.framework */;
			productType = "com.apple.product-type.framework";
		};
		667C93AC22E771C800451878 /* CoreDataWrapper tvOS */ = {
			isa = PBXNativeTarget;
			buildConfigurationList = 667C93B222E771C800451878 /* Build configuration list for PBXNativeTarget "CoreDataWrapper tvOS" */;
			buildPhases = (
				667C93A822E771C800451878 /* Headers */,
				667C93A922E771C800451878 /* Sources */,
				667C93AA22E771C800451878 /* Frameworks */,
				667C93AB22E771C800451878 /* Resources */,
			);
			buildRules = (
			);
			dependencies = (
			);
			name = "CoreDataWrapper tvOS";
			productName = "CoreDataWrapper tvOS";
			productReference = 667C93AD22E771C800451878 /* CoreDataWrapper_tvOS.framework */;
			productType = "com.apple.product-type.framework";
		};
		66F3CFA222E78C6C00A7C7A2 /* CoreDataWrapper watchOS */ = {
			isa = PBXNativeTarget;
			buildConfigurationList = 66F3CFA822E78C6C00A7C7A2 /* Build configuration list for PBXNativeTarget "CoreDataWrapper watchOS" */;
			buildPhases = (
				66F3CF9E22E78C6C00A7C7A2 /* Headers */,
				66F3CF9F22E78C6C00A7C7A2 /* Sources */,
				66F3CFA022E78C6C00A7C7A2 /* Frameworks */,
				66F3CFA122E78C6C00A7C7A2 /* Resources */,
			);
			buildRules = (
			);
			dependencies = (
			);
			name = "CoreDataWrapper watchOS";
			productName = "CoreDataWrapper watchOS";
			productReference = 66F3CFA322E78C6C00A7C7A2 /* CoreDataWrapper_watchOS.framework */;
			productType = "com.apple.product-type.framework";
		};
		EE7E8AF12449681500A86153 /* CoreDataWrapper_iOSTests */ = {
			isa = PBXNativeTarget;
			buildConfigurationList = EE7E8AFC2449681500A86153 /* Build configuration list for PBXNativeTarget "CoreDataWrapper_iOSTests" */;
			buildPhases = (
				EE7E8AEE2449681500A86153 /* Sources */,
				EE7E8AEF2449681500A86153 /* Frameworks */,
				EE7E8AF02449681500A86153 /* Resources */,
			);
			buildRules = (
			);
			dependencies = (
				EE7E8AF92449681500A86153 /* PBXTargetDependency */,
			);
			name = CoreDataWrapper_iOSTests;
			productName = CoreDataWrapper_iOSTests;
			productReference = EE7E8AF22449681500A86153 /* CoreDataWrapper_iOSTests.xctest */;
			productType = "com.apple.product-type.bundle.unit-test";
		};
/* End PBXNativeTarget section */

/* Begin PBXProject section */
		667C937C22E76C3400451878 /* Project object */ = {
			isa = PBXProject;
			attributes = {
				LastSwiftUpdateCheck = 1130;
				LastUpgradeCheck = 1020;
				ORGANIZATIONNAME = "Dilip Parmar";
				TargetAttributes = {
					667C938422E76C3400451878 = {
						CreatedOnToolsVersion = 10.2.1;
						LastSwiftMigration = 1020;
					};
					667C939C22E770B500451878 = {
						CreatedOnToolsVersion = 10.2.1;
					};
					667C93AC22E771C800451878 = {
						CreatedOnToolsVersion = 10.2.1;
					};
					66F3CFA222E78C6C00A7C7A2 = {
						CreatedOnToolsVersion = 10.2.1;
					};
					EE7E8AF12449681500A86153 = {
						CreatedOnToolsVersion = 11.3;
						LastSwiftMigration = 1130;
					};
				};
			};
			buildConfigurationList = 667C937F22E76C3400451878 /* Build configuration list for PBXProject "CoreDataWrapper" */;
			compatibilityVersion = "Xcode 9.3";
			developmentRegion = en;
			hasScannedForEncodings = 0;
			knownRegions = (
				en,
			);
			mainGroup = 667C937B22E76C3400451878;
			productRefGroup = 667C938622E76C3400451878 /* Products */;
			projectDirPath = "";
			projectRoot = "";
			targets = (
				667C938422E76C3400451878 /* CoreDataWrapper iOS */,
				667C939C22E770B500451878 /* CoreDataWrapper macOS */,
				667C93AC22E771C800451878 /* CoreDataWrapper tvOS */,
				66F3CFA222E78C6C00A7C7A2 /* CoreDataWrapper watchOS */,
				EE7E8AF12449681500A86153 /* CoreDataWrapper_iOSTests */,
			);
		};
/* End PBXProject section */

/* Begin PBXResourcesBuildPhase section */
		667C938322E76C3400451878 /* Resources */ = {
			isa = PBXResourcesBuildPhase;
			buildActionMask = 2147483647;
			files = (
			);
			runOnlyForDeploymentPostprocessing = 0;
		};
		667C939B22E770B500451878 /* Resources */ = {
			isa = PBXResourcesBuildPhase;
			buildActionMask = 2147483647;
			files = (
			);
			runOnlyForDeploymentPostprocessing = 0;
		};
		667C93AB22E771C800451878 /* Resources */ = {
			isa = PBXResourcesBuildPhase;
			buildActionMask = 2147483647;
			files = (
			);
			runOnlyForDeploymentPostprocessing = 0;
		};
		66F3CFA122E78C6C00A7C7A2 /* Resources */ = {
			isa = PBXResourcesBuildPhase;
			buildActionMask = 2147483647;
			files = (
			);
			runOnlyForDeploymentPostprocessing = 0;
		};
		EE7E8AF02449681500A86153 /* Resources */ = {
			isa = PBXResourcesBuildPhase;
			buildActionMask = 2147483647;
			files = (
			);
			runOnlyForDeploymentPostprocessing = 0;
		};
/* End PBXResourcesBuildPhase section */

/* Begin PBXSourcesBuildPhase section */
		667C938122E76C3400451878 /* Sources */ = {
			isa = PBXSourcesBuildPhase;
			buildActionMask = 2147483647;
			files = (
				EE7E8B1024496B4F00A86153 /* Car+CoreDataProperties.swift in Sources */,
				EE7E8B1524496B4F00A86153 /* Car+CoreDataClass.swift in Sources */,
				667C939422E76C8900451878 /* CoreDataWrapper.swift in Sources */,
				667C939622E76C8900451878 /* CoreDataWrapper+AsyncOperations.swift in Sources */,
				EEE43C30263191D00074C54C /* CoreDataWrapper.xcdatamodeld in Sources */,
				667C939522E76C8900451878 /* CoreDataWrapper+SyncOperations.swift in Sources */,
			);
			runOnlyForDeploymentPostprocessing = 0;
		};
		667C939922E770B500451878 /* Sources */ = {
			isa = PBXSourcesBuildPhase;
			buildActionMask = 2147483647;
			files = (
				EE7E8B1124496B4F00A86153 /* Car+CoreDataProperties.swift in Sources */,
				EE7E8B1624496B4F00A86153 /* Car+CoreDataClass.swift in Sources */,
				667C93A722E7713200451878 /* CoreDataWrapper+SyncOperations.swift in Sources */,
				667C93A522E7712D00451878 /* CoreDataWrapper.swift in Sources */,
				EEE43C31263191D00074C54C /* CoreDataWrapper.xcdatamodeld in Sources */,
				667C93A622E7712F00451878 /* CoreDataWrapper+AsyncOperations.swift in Sources */,
			);
			runOnlyForDeploymentPostprocessing = 0;
		};
		667C93A922E771C800451878 /* Sources */ = {
			isa = PBXSourcesBuildPhase;
			buildActionMask = 2147483647;
			files = (
				EE7E8B1224496B4F00A86153 /* Car+CoreDataProperties.swift in Sources */,
				EE7E8B1724496B4F00A86153 /* Car+CoreDataClass.swift in Sources */,
				667C93C622E7724C00451878 /* CoreDataWrapper+SyncOperations.swift in Sources */,
				667C93C222E7724700451878 /* CoreDataWrapper.swift in Sources */,
				EEE43C32263191D00074C54C /* CoreDataWrapper.xcdatamodeld in Sources */,
				667C93C422E7724900451878 /* CoreDataWrapper+AsyncOperations.swift in Sources */,
			);
			runOnlyForDeploymentPostprocessing = 0;
		};
		66F3CF9F22E78C6C00A7C7A2 /* Sources */ = {
			isa = PBXSourcesBuildPhase;
			buildActionMask = 2147483647;
			files = (
				EE7E8B1324496B4F00A86153 /* Car+CoreDataProperties.swift in Sources */,
				EE7E8B1824496B4F00A86153 /* Car+CoreDataClass.swift in Sources */,
				66F3CFAE22E78C8200A7C7A2 /* CoreDataWrapper+SyncOperations.swift in Sources */,
				66F3CFAC22E78C7C00A7C7A2 /* CoreDataWrapper.swift in Sources */,
				EEE43C33263191D00074C54C /* CoreDataWrapper.xcdatamodeld in Sources */,
				66F3CFAD22E78C7E00A7C7A2 /* CoreDataWrapper+AsyncOperations.swift in Sources */,
			);
			runOnlyForDeploymentPostprocessing = 0;
		};
		EE7E8AEE2449681500A86153 /* Sources */ = {
			isa = PBXSourcesBuildPhase;
			buildActionMask = 2147483647;
			files = (
				EE9D819E2449B4FB00DD483A /* CoreDataWrapperTest.swift in Sources */,
				EEE43C34263191D00074C54C /* CoreDataWrapper.xcdatamodeld in Sources */,
				EEECFC7A2525DA4B00D5D424 /* AsyncOperationBlockingTests.swift in Sources */,
				EE7E8B002449687200A86153 /* SyncOperationsTests.swift in Sources */,
				EE7E8B1A24496F5500A86153 /* AsyncOperationsTests.swift in Sources */,
			);
			runOnlyForDeploymentPostprocessing = 0;
		};
/* End PBXSourcesBuildPhase section */

/* Begin PBXTargetDependency section */
		EE7E8AF92449681500A86153 /* PBXTargetDependency */ = {
			isa = PBXTargetDependency;
			target = 667C938422E76C3400451878 /* CoreDataWrapper iOS */;
			targetProxy = EE7E8AF82449681500A86153 /* PBXContainerItemProxy */;
		};
/* End PBXTargetDependency section */

/* Begin XCBuildConfiguration section */
		667C938B22E76C3400451878 /* Debug */ = {
			isa = XCBuildConfiguration;
			buildSettings = {
				ALWAYS_SEARCH_USER_PATHS = NO;
				CLANG_ANALYZER_NONNULL = YES;
				CLANG_ANALYZER_NUMBER_OBJECT_CONVERSION = YES_AGGRESSIVE;
				CLANG_CXX_LANGUAGE_STANDARD = "gnu++14";
				CLANG_CXX_LIBRARY = "libc++";
				CLANG_ENABLE_MODULES = YES;
				CLANG_ENABLE_OBJC_ARC = YES;
				CLANG_ENABLE_OBJC_WEAK = YES;
				CLANG_WARN_BLOCK_CAPTURE_AUTORELEASING = YES;
				CLANG_WARN_BOOL_CONVERSION = YES;
				CLANG_WARN_COMMA = YES;
				CLANG_WARN_CONSTANT_CONVERSION = YES;
				CLANG_WARN_DEPRECATED_OBJC_IMPLEMENTATIONS = YES;
				CLANG_WARN_DIRECT_OBJC_ISA_USAGE = YES_ERROR;
				CLANG_WARN_DOCUMENTATION_COMMENTS = YES;
				CLANG_WARN_EMPTY_BODY = YES;
				CLANG_WARN_ENUM_CONVERSION = YES;
				CLANG_WARN_INFINITE_RECURSION = YES;
				CLANG_WARN_INT_CONVERSION = YES;
				CLANG_WARN_NON_LITERAL_NULL_CONVERSION = YES;
				CLANG_WARN_OBJC_IMPLICIT_RETAIN_SELF = YES;
				CLANG_WARN_OBJC_LITERAL_CONVERSION = YES;
				CLANG_WARN_OBJC_ROOT_CLASS = YES_ERROR;
				CLANG_WARN_RANGE_LOOP_ANALYSIS = YES;
				CLANG_WARN_STRICT_PROTOTYPES = YES;
				CLANG_WARN_SUSPICIOUS_MOVE = YES;
				CLANG_WARN_UNGUARDED_AVAILABILITY = YES_AGGRESSIVE;
				CLANG_WARN_UNREACHABLE_CODE = YES;
				CLANG_WARN__DUPLICATE_METHOD_MATCH = YES;
				CODE_SIGN_IDENTITY = "iPhone Developer";
				COPY_PHASE_STRIP = NO;
				CURRENT_PROJECT_VERSION = 1;
				DEBUG_INFORMATION_FORMAT = dwarf;
				ENABLE_STRICT_OBJC_MSGSEND = YES;
				ENABLE_TESTABILITY = YES;
				GCC_C_LANGUAGE_STANDARD = gnu11;
				GCC_DYNAMIC_NO_PIC = NO;
				GCC_NO_COMMON_BLOCKS = YES;
				GCC_OPTIMIZATION_LEVEL = 0;
				GCC_PREPROCESSOR_DEFINITIONS = (
					"DEBUG=1",
					"$(inherited)",
				);
				GCC_WARN_64_TO_32_BIT_CONVERSION = YES;
				GCC_WARN_ABOUT_RETURN_TYPE = YES_ERROR;
				GCC_WARN_UNDECLARED_SELECTOR = YES;
				GCC_WARN_UNINITIALIZED_AUTOS = YES_AGGRESSIVE;
				GCC_WARN_UNUSED_FUNCTION = YES;
				GCC_WARN_UNUSED_VARIABLE = YES;
				IPHONEOS_DEPLOYMENT_TARGET = 12.2;
				MTL_ENABLE_DEBUG_INFO = INCLUDE_SOURCE;
				MTL_FAST_MATH = YES;
				ONLY_ACTIVE_ARCH = YES;
				SWIFT_ACTIVE_COMPILATION_CONDITIONS = DEBUG;
				SWIFT_OPTIMIZATION_LEVEL = "-Onone";
				VERSIONING_SYSTEM = "apple-generic";
				VERSION_INFO_PREFIX = "";
			};
			name = Debug;
		};
		667C938C22E76C3400451878 /* Release */ = {
			isa = XCBuildConfiguration;
			buildSettings = {
				ALWAYS_SEARCH_USER_PATHS = NO;
				CLANG_ANALYZER_NONNULL = YES;
				CLANG_ANALYZER_NUMBER_OBJECT_CONVERSION = YES_AGGRESSIVE;
				CLANG_CXX_LANGUAGE_STANDARD = "gnu++14";
				CLANG_CXX_LIBRARY = "libc++";
				CLANG_ENABLE_MODULES = YES;
				CLANG_ENABLE_OBJC_ARC = YES;
				CLANG_ENABLE_OBJC_WEAK = YES;
				CLANG_WARN_BLOCK_CAPTURE_AUTORELEASING = YES;
				CLANG_WARN_BOOL_CONVERSION = YES;
				CLANG_WARN_COMMA = YES;
				CLANG_WARN_CONSTANT_CONVERSION = YES;
				CLANG_WARN_DEPRECATED_OBJC_IMPLEMENTATIONS = YES;
				CLANG_WARN_DIRECT_OBJC_ISA_USAGE = YES_ERROR;
				CLANG_WARN_DOCUMENTATION_COMMENTS = YES;
				CLANG_WARN_EMPTY_BODY = YES;
				CLANG_WARN_ENUM_CONVERSION = YES;
				CLANG_WARN_INFINITE_RECURSION = YES;
				CLANG_WARN_INT_CONVERSION = YES;
				CLANG_WARN_NON_LITERAL_NULL_CONVERSION = YES;
				CLANG_WARN_OBJC_IMPLICIT_RETAIN_SELF = YES;
				CLANG_WARN_OBJC_LITERAL_CONVERSION = YES;
				CLANG_WARN_OBJC_ROOT_CLASS = YES_ERROR;
				CLANG_WARN_RANGE_LOOP_ANALYSIS = YES;
				CLANG_WARN_STRICT_PROTOTYPES = YES;
				CLANG_WARN_SUSPICIOUS_MOVE = YES;
				CLANG_WARN_UNGUARDED_AVAILABILITY = YES_AGGRESSIVE;
				CLANG_WARN_UNREACHABLE_CODE = YES;
				CLANG_WARN__DUPLICATE_METHOD_MATCH = YES;
				CODE_SIGN_IDENTITY = "iPhone Developer";
				COPY_PHASE_STRIP = NO;
				CURRENT_PROJECT_VERSION = 1;
				DEBUG_INFORMATION_FORMAT = "dwarf-with-dsym";
				ENABLE_NS_ASSERTIONS = NO;
				ENABLE_STRICT_OBJC_MSGSEND = YES;
				GCC_C_LANGUAGE_STANDARD = gnu11;
				GCC_NO_COMMON_BLOCKS = YES;
				GCC_WARN_64_TO_32_BIT_CONVERSION = YES;
				GCC_WARN_ABOUT_RETURN_TYPE = YES_ERROR;
				GCC_WARN_UNDECLARED_SELECTOR = YES;
				GCC_WARN_UNINITIALIZED_AUTOS = YES_AGGRESSIVE;
				GCC_WARN_UNUSED_FUNCTION = YES;
				GCC_WARN_UNUSED_VARIABLE = YES;
				IPHONEOS_DEPLOYMENT_TARGET = 12.2;
				MTL_ENABLE_DEBUG_INFO = NO;
				MTL_FAST_MATH = YES;
				SWIFT_COMPILATION_MODE = wholemodule;
				SWIFT_OPTIMIZATION_LEVEL = "-O";
				VALIDATE_PRODUCT = YES;
				VERSIONING_SYSTEM = "apple-generic";
				VERSION_INFO_PREFIX = "";
			};
			name = Release;
		};
		667C938E22E76C3400451878 /* Debug */ = {
			isa = XCBuildConfiguration;
			buildSettings = {
				CLANG_ENABLE_MODULES = YES;
				CODE_SIGN_IDENTITY = "";
				CODE_SIGN_STYLE = Automatic;
				DEFINES_MODULE = YES;
				DEVELOPMENT_TEAM = ZA62JTXDQN;
				DYLIB_COMPATIBILITY_VERSION = 1;
				DYLIB_CURRENT_VERSION = 1;
				DYLIB_INSTALL_NAME_BASE = "@rpath";
				INFOPLIST_FILE = CoreDataWrapper/Info.plist;
				INSTALL_PATH = "@executable_path/../Frameworks";
				IPHONEOS_DEPLOYMENT_TARGET = 12.0;
				LD_RUNPATH_SEARCH_PATHS = (
					"$(inherited)",
					"@executable_path/Frameworks",
					"@loader_path/Frameworks",
				);
				PRODUCT_BUNDLE_IDENTIFIER = com.dp.CoreDataWrapper;
				PRODUCT_NAME = "$(TARGET_NAME:c99extidentifier)";
				SDKROOT = iphoneos;
				SKIP_INSTALL = YES;
				SWIFT_OPTIMIZATION_LEVEL = "-Onone";
				SWIFT_VERSION = 5.0;
				TARGETED_DEVICE_FAMILY = "1,2";
			};
			name = Debug;
		};
		667C938F22E76C3400451878 /* Release */ = {
			isa = XCBuildConfiguration;
			buildSettings = {
				CLANG_ENABLE_MODULES = YES;
				CODE_SIGN_IDENTITY = "";
				CODE_SIGN_STYLE = Automatic;
				DEFINES_MODULE = YES;
				DEVELOPMENT_TEAM = ZA62JTXDQN;
				DYLIB_COMPATIBILITY_VERSION = 1;
				DYLIB_CURRENT_VERSION = 1;
				DYLIB_INSTALL_NAME_BASE = "@rpath";
				INFOPLIST_FILE = CoreDataWrapper/Info.plist;
				INSTALL_PATH = "@executable_path/../Frameworks";
				IPHONEOS_DEPLOYMENT_TARGET = 12.0;
				LD_RUNPATH_SEARCH_PATHS = (
					"$(inherited)",
					"@executable_path/Frameworks",
					"@loader_path/Frameworks",
				);
				PRODUCT_BUNDLE_IDENTIFIER = com.dp.CoreDataWrapper;
				PRODUCT_NAME = "$(TARGET_NAME:c99extidentifier)";
				SDKROOT = iphoneos;
				SKIP_INSTALL = YES;
				SWIFT_VERSION = 5.0;
				TARGETED_DEVICE_FAMILY = "1,2";
			};
			name = Release;
		};
		667C93A322E770B500451878 /* Debug */ = {
			isa = XCBuildConfiguration;
			buildSettings = {
				CODE_SIGN_IDENTITY = "";
				CODE_SIGN_STYLE = Automatic;
				COMBINE_HIDPI_IMAGES = YES;
				DEFINES_MODULE = YES;
				DEVELOPMENT_TEAM = ZA62JTXDQN;
				DYLIB_COMPATIBILITY_VERSION = 1;
				DYLIB_CURRENT_VERSION = 1;
				DYLIB_INSTALL_NAME_BASE = "@rpath";
				FRAMEWORK_VERSION = A;
				INFOPLIST_FILE = CoreDataWrapper/Info.plist;
				INSTALL_PATH = "@executable_path/../Frameworks";
				LD_RUNPATH_SEARCH_PATHS = (
					"$(inherited)",
					"@executable_path/../Frameworks",
					"@loader_path/Frameworks",
				);
				MACOSX_DEPLOYMENT_TARGET = 10.13;
				PRODUCT_BUNDLE_IDENTIFIER = "com.dp.CoreDataWrapper-macOS";
				PRODUCT_NAME = "$(TARGET_NAME:c99extidentifier)";
				SDKROOT = macosx;
				SKIP_INSTALL = YES;
				SWIFT_VERSION = 5.0;
			};
			name = Debug;
		};
		667C93A422E770B500451878 /* Release */ = {
			isa = XCBuildConfiguration;
			buildSettings = {
				CODE_SIGN_IDENTITY = "";
				CODE_SIGN_STYLE = Automatic;
				COMBINE_HIDPI_IMAGES = YES;
				DEFINES_MODULE = YES;
				DEVELOPMENT_TEAM = ZA62JTXDQN;
				DYLIB_COMPATIBILITY_VERSION = 1;
				DYLIB_CURRENT_VERSION = 1;
				DYLIB_INSTALL_NAME_BASE = "@rpath";
				FRAMEWORK_VERSION = A;
				INFOPLIST_FILE = CoreDataWrapper/Info.plist;
				INSTALL_PATH = "@executable_path/../Frameworks";
				LD_RUNPATH_SEARCH_PATHS = (
					"$(inherited)",
					"@executable_path/../Frameworks",
					"@loader_path/Frameworks",
				);
				MACOSX_DEPLOYMENT_TARGET = 10.13;
				PRODUCT_BUNDLE_IDENTIFIER = "com.dp.CoreDataWrapper-macOS";
				PRODUCT_NAME = "$(TARGET_NAME:c99extidentifier)";
				SDKROOT = macosx;
				SKIP_INSTALL = YES;
				SWIFT_VERSION = 5.0;
			};
			name = Release;
		};
		667C93B322E771C800451878 /* Debug */ = {
			isa = XCBuildConfiguration;
			buildSettings = {
				CODE_SIGN_IDENTITY = "";
				CODE_SIGN_STYLE = Automatic;
				DEFINES_MODULE = YES;
				DEVELOPMENT_TEAM = ZA62JTXDQN;
				DYLIB_COMPATIBILITY_VERSION = 1;
				DYLIB_CURRENT_VERSION = 1;
				DYLIB_INSTALL_NAME_BASE = "@rpath";
				INFOPLIST_FILE = CoreDataWrapper/Info.plist;
				INSTALL_PATH = "@executable_path/../Frameworks";
				LD_RUNPATH_SEARCH_PATHS = (
					"$(inherited)",
					"@executable_path/Frameworks",
					"@loader_path/Frameworks",
				);
				PRODUCT_BUNDLE_IDENTIFIER = "com.dp.CoreDataWrapper-tvOS";
				PRODUCT_NAME = "$(TARGET_NAME:c99extidentifier)";
				SDKROOT = appletvos;
				SKIP_INSTALL = YES;
				SWIFT_VERSION = 5.0;
				TARGETED_DEVICE_FAMILY = 3;
				TVOS_DEPLOYMENT_TARGET = 12.0;
			};
			name = Debug;
		};
		667C93B422E771C800451878 /* Release */ = {
			isa = XCBuildConfiguration;
			buildSettings = {
				CODE_SIGN_IDENTITY = "";
				CODE_SIGN_STYLE = Automatic;
				DEFINES_MODULE = YES;
				DEVELOPMENT_TEAM = ZA62JTXDQN;
				DYLIB_COMPATIBILITY_VERSION = 1;
				DYLIB_CURRENT_VERSION = 1;
				DYLIB_INSTALL_NAME_BASE = "@rpath";
				INFOPLIST_FILE = CoreDataWrapper/Info.plist;
				INSTALL_PATH = "@executable_path/../Frameworks";
				LD_RUNPATH_SEARCH_PATHS = (
					"$(inherited)",
					"@executable_path/Frameworks",
					"@loader_path/Frameworks",
				);
				PRODUCT_BUNDLE_IDENTIFIER = "com.dp.CoreDataWrapper-tvOS";
				PRODUCT_NAME = "$(TARGET_NAME:c99extidentifier)";
				SDKROOT = appletvos;
				SKIP_INSTALL = YES;
				SWIFT_VERSION = 5.0;
				TARGETED_DEVICE_FAMILY = 3;
				TVOS_DEPLOYMENT_TARGET = 12.0;
			};
			name = Release;
		};
		66F3CFA922E78C6C00A7C7A2 /* Debug */ = {
			isa = XCBuildConfiguration;
			buildSettings = {
				APPLICATION_EXTENSION_API_ONLY = YES;
				CODE_SIGN_IDENTITY = "";
				CODE_SIGN_STYLE = Automatic;
				DEFINES_MODULE = YES;
				DEVELOPMENT_TEAM = ZA62JTXDQN;
				DYLIB_COMPATIBILITY_VERSION = 1;
				DYLIB_CURRENT_VERSION = 1;
				DYLIB_INSTALL_NAME_BASE = "@rpath";
				INFOPLIST_FILE = "$(SRCROOT)/CoreDataWrapper/Info.plist";
				INSTALL_PATH = "@executable_path/../Frameworks";
				LD_RUNPATH_SEARCH_PATHS = (
					"$(inherited)",
					"@executable_path/Frameworks",
					"@loader_path/Frameworks",
				);
				PRODUCT_BUNDLE_IDENTIFIER = "com.dp.CoreDataWrapper-watchOS";
				PRODUCT_NAME = "$(TARGET_NAME:c99extidentifier)";
				SDKROOT = watchos;
				SKIP_INSTALL = YES;
				SWIFT_VERSION = 5.0;
				TARGETED_DEVICE_FAMILY = 4;
				WATCHOS_DEPLOYMENT_TARGET = 5.0;
			};
			name = Debug;
		};
		66F3CFAA22E78C6C00A7C7A2 /* Release */ = {
			isa = XCBuildConfiguration;
			buildSettings = {
				APPLICATION_EXTENSION_API_ONLY = YES;
				CODE_SIGN_IDENTITY = "";
				CODE_SIGN_STYLE = Automatic;
				DEFINES_MODULE = YES;
				DEVELOPMENT_TEAM = ZA62JTXDQN;
				DYLIB_COMPATIBILITY_VERSION = 1;
				DYLIB_CURRENT_VERSION = 1;
				DYLIB_INSTALL_NAME_BASE = "@rpath";
				INFOPLIST_FILE = "$(SRCROOT)/CoreDataWrapper/Info.plist";
				INSTALL_PATH = "@executable_path/../Frameworks";
				LD_RUNPATH_SEARCH_PATHS = (
					"$(inherited)",
					"@executable_path/Frameworks",
					"@loader_path/Frameworks",
				);
				PRODUCT_BUNDLE_IDENTIFIER = "com.dp.CoreDataWrapper-watchOS";
				PRODUCT_NAME = "$(TARGET_NAME:c99extidentifier)";
				SDKROOT = watchos;
				SKIP_INSTALL = YES;
				SWIFT_VERSION = 5.0;
				TARGETED_DEVICE_FAMILY = 4;
				WATCHOS_DEPLOYMENT_TARGET = 5.0;
			};
			name = Release;
		};
		EE7E8AFA2449681500A86153 /* Debug */ = {
			isa = XCBuildConfiguration;
			buildSettings = {
				CLANG_ENABLE_MODULES = YES;
				CODE_SIGN_STYLE = Automatic;
				DEVELOPMENT_TEAM = SXG28CVLUM;
				INFOPLIST_FILE = CoreDataWrapper_iOSTests/Info.plist;
				IPHONEOS_DEPLOYMENT_TARGET = 13.2;
				LD_RUNPATH_SEARCH_PATHS = (
					"$(inherited)",
					"@executable_path/Frameworks",
					"@loader_path/Frameworks",
				);
				PRODUCT_BUNDLE_IDENTIFIER = "dp.CoreDataWrapper-iOSTests";
				PRODUCT_NAME = "$(TARGET_NAME)";
				SDKROOT = iphoneos;
				SWIFT_OPTIMIZATION_LEVEL = "-Onone";
				SWIFT_VERSION = 5.0;
				TARGETED_DEVICE_FAMILY = "1,2";
			};
			name = Debug;
		};
		EE7E8AFB2449681500A86153 /* Release */ = {
			isa = XCBuildConfiguration;
			buildSettings = {
				CLANG_ENABLE_MODULES = YES;
				CODE_SIGN_STYLE = Automatic;
				DEVELOPMENT_TEAM = SXG28CVLUM;
				INFOPLIST_FILE = CoreDataWrapper_iOSTests/Info.plist;
				IPHONEOS_DEPLOYMENT_TARGET = 13.2;
				LD_RUNPATH_SEARCH_PATHS = (
					"$(inherited)",
					"@executable_path/Frameworks",
					"@loader_path/Frameworks",
				);
				PRODUCT_BUNDLE_IDENTIFIER = "dp.CoreDataWrapper-iOSTests";
				PRODUCT_NAME = "$(TARGET_NAME)";
				SDKROOT = iphoneos;
				SWIFT_VERSION = 5.0;
				TARGETED_DEVICE_FAMILY = "1,2";
			};
			name = Release;
		};
/* End XCBuildConfiguration section */

/* Begin XCConfigurationList section */
		667C937F22E76C3400451878 /* Build configuration list for PBXProject "CoreDataWrapper" */ = {
			isa = XCConfigurationList;
			buildConfigurations = (
				667C938B22E76C3400451878 /* Debug */,
				667C938C22E76C3400451878 /* Release */,
			);
			defaultConfigurationIsVisible = 0;
			defaultConfigurationName = Release;
		};
		667C938D22E76C3400451878 /* Build configuration list for PBXNativeTarget "CoreDataWrapper iOS" */ = {
			isa = XCConfigurationList;
			buildConfigurations = (
				667C938E22E76C3400451878 /* Debug */,
				667C938F22E76C3400451878 /* Release */,
			);
			defaultConfigurationIsVisible = 0;
			defaultConfigurationName = Release;
		};
		667C93A222E770B500451878 /* Build configuration list for PBXNativeTarget "CoreDataWrapper macOS" */ = {
			isa = XCConfigurationList;
			buildConfigurations = (
				667C93A322E770B500451878 /* Debug */,
				667C93A422E770B500451878 /* Release */,
			);
			defaultConfigurationIsVisible = 0;
			defaultConfigurationName = Release;
		};
		667C93B222E771C800451878 /* Build configuration list for PBXNativeTarget "CoreDataWrapper tvOS" */ = {
			isa = XCConfigurationList;
			buildConfigurations = (
				667C93B322E771C800451878 /* Debug */,
				667C93B422E771C800451878 /* Release */,
			);
			defaultConfigurationIsVisible = 0;
			defaultConfigurationName = Release;
		};
		66F3CFA822E78C6C00A7C7A2 /* Build configuration list for PBXNativeTarget "CoreDataWrapper watchOS" */ = {
			isa = XCConfigurationList;
			buildConfigurations = (
				66F3CFA922E78C6C00A7C7A2 /* Debug */,
				66F3CFAA22E78C6C00A7C7A2 /* Release */,
			);
			defaultConfigurationIsVisible = 0;
			defaultConfigurationName = Release;
		};
		EE7E8AFC2449681500A86153 /* Build configuration list for PBXNativeTarget "CoreDataWrapper_iOSTests" */ = {
			isa = XCConfigurationList;
			buildConfigurations = (
				EE7E8AFA2449681500A86153 /* Debug */,
				EE7E8AFB2449681500A86153 /* Release */,
			);
			defaultConfigurationIsVisible = 0;
			defaultConfigurationName = Release;
		};
/* End XCConfigurationList section */

/* Begin XCVersionGroup section */
		EEE43C2E263191D00074C54C /* CoreDataWrapper.xcdatamodeld */ = {
			isa = XCVersionGroup;
			children = (
				EEE43C2F263191D00074C54C /* PersonalProtectionTests.xcdatamodel */,
			);
			currentVersion = EEE43C2F263191D00074C54C /* PersonalProtectionTests.xcdatamodel */;
			name = CoreDataWrapper.xcdatamodeld;
			path = ../Sources/CoreDataWrapper.xcdatamodeld;
			sourceTree = "<group>";
			versionGroupType = wrapper.xcdatamodel;
		};
/* End XCVersionGroup section */
	};
	rootObject = 667C937C22E76C3400451878 /* Project object */;
}
